
Microsoft Visual Studio Solution File, Format Version 12.00
# Visual Studio Version 17
VisualStudioVersion = 17.11.35208.52
MinimumVisualStudioVersion = 10.0.40219.1
Project("{FAE04EC0-301F-11D3-BF4B-00C04F79EFBC}") = "TextBoxDemo", "TextBoxDemo\TextBoxDemo.csproj", "{308C5D8D-B710-4726-ABC2-72C1112006B5}"
EndProject
Global
	GlobalSection(SolutionConfigurationPlatforms) = preSolution
		Debug|Any CPU = Debug|Any CPU
		Release|Any CPU = Release|Any CPU
	EndGlobalSection
	GlobalSection(ProjectConfigurationPlatforms) = postSolution
		{308C5D8D-B710-4726-ABC2-72C1112006B5}.Debug|Any CPU.ActiveCfg = Debug|Any CPU
		{308C5D8D-B710-4726-ABC2-72C1112006B5}.Debug|Any CPU.Build.0 = Debug|Any CPU
		{308C5D8D-B710-4726-ABC2-72C1112006B5}.Release|Any CPU.ActiveCfg = Release|Any CPU
		{308C5D8D-B710-4726-ABC2-72C1112006B5}.Release|Any CPU.Build.0 = Release|Any CPU
	EndGlobalSection
	GlobalSection(SolutionProperties) = preSolution
		HideSolutionNode = FALSE
	EndGlobalSection
	GlobalSection(ExtensibilityGlobals) = postSolution
		SolutionGuid = {4EBC65F4-F728-4698-BD17-427EE7D3D74E}
	EndGlobalSection
EndGlobal
