
Microsoft Visual Studio Solution File, Format Version 12.00
# Visual Studio Version 17
VisualStudioVersion = 17.11.35208.52
MinimumVisualStudioVersion = 10.0.40219.1
Project("{FAE04EC0-301F-11D3-BF4B-00C04F79EFBC}") = "tutonial2_5", "tutonial2_5\tutonial2_5.csproj", "{FD194E5A-136C-4561-BA88-95D49A07A50D}"
EndProject
Global
	GlobalSection(SolutionConfigurationPlatforms) = preSolution
		Debug|Any CPU = Debug|Any CPU
		Release|Any CPU = Release|Any CPU
	EndGlobalSection
	GlobalSection(ProjectConfigurationPlatforms) = postSolution
		{FD194E5A-136C-4561-BA88-95D49A07A50D}.Debug|Any CPU.ActiveCfg = Debug|Any CPU
		{FD194E5A-136C-4561-BA88-95D49A07A50D}.Debug|Any CPU.Build.0 = Debug|Any CPU
		{FD194E5A-136C-4561-BA88-95D49A07A50D}.Release|Any CPU.ActiveCfg = Release|Any CPU
		{FD194E5A-136C-4561-BA88-95D49A07A50D}.Release|Any CPU.Build.0 = Release|Any CPU
	EndGlobalSection
	GlobalSection(SolutionProperties) = preSolution
		HideSolutionNode = FALSE
	EndGlobalSection
	GlobalSection(ExtensibilityGlobals) = postSolution
		SolutionGuid = {56126F38-1AAA-45D5-8FB0-771E828A5747}
	EndGlobalSection
EndGlobal
