
Microsoft Visual Studio Solution File, Format Version 12.00
# Visual Studio Version 17
VisualStudioVersion = 17.11.35208.52
MinimumVisualStudioVersion = 10.0.40219.1
Project("{FAE04EC0-301F-11D3-BF4B-00C04F79EFBC}") = "Tutorial3_2", "Tutorial3_2\Tutorial3_2.csproj", "{42CB59FA-9E06-4477-833F-03FB4C0190AE}"
EndProject
Global
	GlobalSection(SolutionConfigurationPlatforms) = preSolution
		Debug|Any CPU = Debug|Any CPU
		Release|Any CPU = Release|Any CPU
	EndGlobalSection
	GlobalSection(ProjectConfigurationPlatforms) = postSolution
		{42CB59FA-9E06-4477-833F-03FB4C0190AE}.Debug|Any CPU.ActiveCfg = Debug|Any CPU
		{42CB59FA-9E06-4477-833F-03FB4C0190AE}.Debug|Any CPU.Build.0 = Debug|Any CPU
		{42CB59FA-9E06-4477-833F-03FB4C0190AE}.Release|Any CPU.ActiveCfg = Release|Any CPU
		{42CB59FA-9E06-4477-833F-03FB4C0190AE}.Release|Any CPU.Build.0 = Release|Any CPU
	EndGlobalSection
	GlobalSection(SolutionProperties) = preSolution
		HideSolutionNode = FALSE
	EndGlobalSection
	GlobalSection(ExtensibilityGlobals) = postSolution
		SolutionGuid = {F3C19FB7-B5F7-4472-8197-338575F46F0D}
	EndGlobalSection
EndGlobal
