
Microsoft Visual Studio Solution File, Format Version 12.00
# Visual Studio Version 17
VisualStudioVersion = 17.11.35208.52
MinimumVisualStudioVersion = 10.0.40219.1
Project("{FAE04EC0-301F-11D3-BF4B-00C04F79EFBC}") = "GroupBoxDemo", "GroupBoxDemo\GroupBoxDemo.csproj", "{B5299D3C-AA56-4CF1-8494-89E19FDBA89B}"
EndProject
Global
	GlobalSection(SolutionConfigurationPlatforms) = preSolution
		Debug|Any CPU = Debug|Any CPU
		Release|Any CPU = Release|Any CPU
	EndGlobalSection
	GlobalSection(ProjectConfigurationPlatforms) = postSolution
		{B5299D3C-AA56-4CF1-8494-89E19FDBA89B}.Debug|Any CPU.ActiveCfg = Debug|Any CPU
		{B5299D3C-AA56-4CF1-8494-89E19FDBA89B}.Debug|Any CPU.Build.0 = Debug|Any CPU
		{B5299D3C-AA56-4CF1-8494-89E19FDBA89B}.Release|Any CPU.ActiveCfg = Release|Any CPU
		{B5299D3C-AA56-4CF1-8494-89E19FDBA89B}.Release|Any CPU.Build.0 = Release|Any CPU
	EndGlobalSection
	GlobalSection(SolutionProperties) = preSolution
		HideSolutionNode = FALSE
	EndGlobalSection
	GlobalSection(ExtensibilityGlobals) = postSolution
		SolutionGuid = {C0B0B6C0-FF0E-4ED1-BD7C-F2CED24EDD15}
	EndGlobalSection
EndGlobal
